
Microsoft Visual Studio Solution File, Format Version 12.00
# Visual Studio 15
Project("{FAE04EC0-301F-11D3-BF4B-00C04F79EFBC}") = "Assembly-CSharp", "Assembly-CSharp.csproj", "{ABF678B7-1FF8-30EC-E07E-D93BA31332EB}"
EndProject
Project("{FAE04EC0-301F-11D3-BF4B-00C04F79EFBC}") = "Assembly-CSharp-Editor", "Assembly-CSharp-Editor.csproj", "{625658D9-6FFA-2681-401E-5D513D0E3741}"
EndProject
Global
	GlobalSection(SolutionConfigurationPlatforms) = preSolution
		Debug|Any CPU = Debug|Any CPU
		Release|Any CPU = Release|Any CPU
	EndGlobalSection
	GlobalSection(ProjectConfigurationPlatforms) = postSolution
		{ABF678B7-1FF8-30EC-E07E-D93BA31332EB}.Debug|Any CPU.ActiveCfg = Debug|Any CPU
		{ABF678B7-1FF8-30EC-E07E-D93BA31332EB}.Debug|Any CPU.Build.0 = Debug|Any CPU
		{ABF678B7-1FF8-30EC-E07E-D93BA31332EB}.Release|Any CPU.ActiveCfg = Release|Any CPU
		{ABF678B7-1FF8-30EC-E07E-D93BA31332EB}.Release|Any CPU.Build.0 = Release|Any CPU
		{625658D9-6FFA-2681-401E-5D513D0E3741}.Debug|Any CPU.ActiveCfg = Debug|Any CPU
		{625658D9-6FFA-2681-401E-5D513D0E3741}.Debug|Any CPU.Build.0 = Debug|Any CPU
		{625658D9-6FFA-2681-401E-5D513D0E3741}.Release|Any CPU.ActiveCfg = Release|Any CPU
		{625658D9-6FFA-2681-401E-5D513D0E3741}.Release|Any CPU.Build.0 = Release|Any CPU
	EndGlobalSection
	GlobalSection(SolutionProperties) = preSolution
		HideSolutionNode = FALSE
	EndGlobalSection
EndGlobal
